
Microsoft Visual Studio Solution File, Format Version 12.00
# Visual Studio 14
VisualStudioVersion = 14.0.25420.1
MinimumVisualStudioVersion = 10.0.40219.1
Project("{FAE04EC0-301F-11D3-BF4B-00C04F79EFBC}") = "Injazat_Rami", "Injazat_Rami\Injazat_Rami.csproj", "{5DA1DF62-8613-413F-AAEB-13C79643B727}"
EndProject
Global
	GlobalSection(SolutionConfigurationPlatforms) = preSolution
		Debug|Any CPU = Debug|Any CPU
		Release|Any CPU = Release|Any CPU
	EndGlobalSection
	GlobalSection(ProjectConfigurationPlatforms) = postSolution
		{5DA1DF62-8613-413F-AAEB-13C79643B727}.Debug|Any CPU.ActiveCfg = Debug|Any CPU
		{5DA1DF62-8613-413F-AAEB-13C79643B727}.Debug|Any CPU.Build.0 = Debug|Any CPU
		{5DA1DF62-8613-413F-AAEB-13C79643B727}.Release|Any CPU.ActiveCfg = Release|Any CPU
		{5DA1DF62-8613-413F-AAEB-13C79643B727}.Release|Any CPU.Build.0 = Release|Any CPU
	EndGlobalSection
	GlobalSection(SolutionProperties) = preSolution
		HideSolutionNode = FALSE
	EndGlobalSection
EndGlobal
